
Microsoft Visual Studio Solution File, Format Version 12.00
# Visual Studio 15
VisualStudioVersion = 15.0.28307.1209
MinimumVisualStudioVersion = 10.0.40219.1
Project("{FAE04EC0-301F-11D3-BF4B-00C04F79EFBC}") = "DependencyInjection", "DependencyInjection\DependencyInjection.csproj", "{70930D1E-3379-4B57-AC72-BCDE2BA760A0}"
EndProject
Project("{FAE04EC0-301F-11D3-BF4B-00C04F79EFBC}") = "BL", "BL\BL.csproj", "{54BF7CDD-1DB4-47EB-B202-39435521AB4E}"
EndProject
Global
	GlobalSection(SolutionConfigurationPlatforms) = preSolution
		Debug|Any CPU = Debug|Any CPU
		Release|Any CPU = Release|Any CPU
	EndGlobalSection
	GlobalSection(ProjectConfigurationPlatforms) = postSolution
		{70930D1E-3379-4B57-AC72-BCDE2BA760A0}.Debug|Any CPU.ActiveCfg = Debug|Any CPU
		{70930D1E-3379-4B57-AC72-BCDE2BA760A0}.Debug|Any CPU.Build.0 = Debug|Any CPU
		{70930D1E-3379-4B57-AC72-BCDE2BA760A0}.Release|Any CPU.ActiveCfg = Release|Any CPU
		{70930D1E-3379-4B57-AC72-BCDE2BA760A0}.Release|Any CPU.Build.0 = Release|Any CPU
		{54BF7CDD-1DB4-47EB-B202-39435521AB4E}.Debug|Any CPU.ActiveCfg = Debug|Any CPU
		{54BF7CDD-1DB4-47EB-B202-39435521AB4E}.Debug|Any CPU.Build.0 = Debug|Any CPU
		{54BF7CDD-1DB4-47EB-B202-39435521AB4E}.Release|Any CPU.ActiveCfg = Release|Any CPU
		{54BF7CDD-1DB4-47EB-B202-39435521AB4E}.Release|Any CPU.Build.0 = Release|Any CPU
	EndGlobalSection
	GlobalSection(SolutionProperties) = preSolution
		HideSolutionNode = FALSE
	EndGlobalSection
	GlobalSection(ExtensibilityGlobals) = postSolution
		SolutionGuid = {EECD3CE7-7881-41A0-81C1-6B53064D44A7}
	EndGlobalSection
EndGlobal
